
Microsoft Visual Studio Solution File, Format Version 12.00
# Visual Studio Version 17
VisualStudioVersion = 17.7.34221.43
MinimumVisualStudioVersion = 10.0.40219.1
Project("{9A19103F-16F7-4668-BE54-9A1E7A4F7556}") = "SimpleCRUD", "SimpleCRUD\SimpleCRUD.csproj", "{BA7DE471-9FA6-4956-BC36-411F8E0DDDA5}"
EndProject
Global
	GlobalSection(SolutionConfigurationPlatforms) = preSolution
		Debug|Any CPU = Debug|Any CPU
		Release|Any CPU = Release|Any CPU
	EndGlobalSection
	GlobalSection(ProjectConfigurationPlatforms) = postSolution
		{BA7DE471-9FA6-4956-BC36-411F8E0DDDA5}.Debug|Any CPU.ActiveCfg = Debug|Any CPU
		{BA7DE471-9FA6-4956-BC36-411F8E0DDDA5}.Debug|Any CPU.Build.0 = Debug|Any CPU
		{BA7DE471-9FA6-4956-BC36-411F8E0DDDA5}.Release|Any CPU.ActiveCfg = Release|Any CPU
		{BA7DE471-9FA6-4956-BC36-411F8E0DDDA5}.Release|Any CPU.Build.0 = Release|Any CPU
	EndGlobalSection
	GlobalSection(SolutionProperties) = preSolution
		HideSolutionNode = FALSE
	EndGlobalSection
	GlobalSection(ExtensibilityGlobals) = postSolution
		SolutionGuid = {191BAEBC-771B-4803-9DC0-D73BA01FE735}
	EndGlobalSection
EndGlobal
